
Microsoft Visual Studio Solution File, Format Version 12.00
# Visual Studio Version 17
VisualStudioVersion = 17.0.31903.59
MinimumVisualStudioVersion = 10.0.40219.1
Project("{FAE04EC0-301F-11D3-BF4B-00C04F79EFBC}") = "API", "API\API.csproj", "{8277C9A2-6E54-4C3D-B005-C4F57A8E04E2}"
EndProject
Project("{FAE04EC0-301F-11D3-BF4B-00C04F79EFBC}") = "Application", "Application\Application.csproj", "{2B9BDF75-8A4B-4CBA-A421-201E0BBE16F6}"
EndProject
Project("{FAE04EC0-301F-11D3-BF4B-00C04F79EFBC}") = "Domain", "Domain\Domain.csproj", "{63CC3667-BB22-4A94-ABCE-BA6A14A4A473}"
EndProject
Project("{FAE04EC0-301F-11D3-BF4B-00C04F79EFBC}") = "Persistence", "Persistence\Persistence.csproj", "{69BD9324-ED5B-4849-A70E-BA4AA4244A1B}"
EndProject
Global
	GlobalSection(SolutionConfigurationPlatforms) = preSolution
		Debug|Any CPU = Debug|Any CPU
		Release|Any CPU = Release|Any CPU
	EndGlobalSection
	GlobalSection(SolutionProperties) = preSolution
		HideSolutionNode = FALSE
	EndGlobalSection
	GlobalSection(ProjectConfigurationPlatforms) = postSolution
		{8277C9A2-6E54-4C3D-B005-C4F57A8E04E2}.Debug|Any CPU.ActiveCfg = Debug|Any CPU
		{8277C9A2-6E54-4C3D-B005-C4F57A8E04E2}.Debug|Any CPU.Build.0 = Debug|Any CPU
		{8277C9A2-6E54-4C3D-B005-C4F57A8E04E2}.Release|Any CPU.ActiveCfg = Release|Any CPU
		{8277C9A2-6E54-4C3D-B005-C4F57A8E04E2}.Release|Any CPU.Build.0 = Release|Any CPU
		{2B9BDF75-8A4B-4CBA-A421-201E0BBE16F6}.Debug|Any CPU.ActiveCfg = Debug|Any CPU
		{2B9BDF75-8A4B-4CBA-A421-201E0BBE16F6}.Debug|Any CPU.Build.0 = Debug|Any CPU
		{2B9BDF75-8A4B-4CBA-A421-201E0BBE16F6}.Release|Any CPU.ActiveCfg = Release|Any CPU
		{2B9BDF75-8A4B-4CBA-A421-201E0BBE16F6}.Release|Any CPU.Build.0 = Release|Any CPU
		{63CC3667-BB22-4A94-ABCE-BA6A14A4A473}.Debug|Any CPU.ActiveCfg = Debug|Any CPU
		{63CC3667-BB22-4A94-ABCE-BA6A14A4A473}.Debug|Any CPU.Build.0 = Debug|Any CPU
		{63CC3667-BB22-4A94-ABCE-BA6A14A4A473}.Release|Any CPU.ActiveCfg = Release|Any CPU
		{63CC3667-BB22-4A94-ABCE-BA6A14A4A473}.Release|Any CPU.Build.0 = Release|Any CPU
		{69BD9324-ED5B-4849-A70E-BA4AA4244A1B}.Debug|Any CPU.ActiveCfg = Debug|Any CPU
		{69BD9324-ED5B-4849-A70E-BA4AA4244A1B}.Debug|Any CPU.Build.0 = Debug|Any CPU
		{69BD9324-ED5B-4849-A70E-BA4AA4244A1B}.Release|Any CPU.ActiveCfg = Release|Any CPU
		{69BD9324-ED5B-4849-A70E-BA4AA4244A1B}.Release|Any CPU.Build.0 = Release|Any CPU
	EndGlobalSection
EndGlobal
